
Microsoft Visual Studio Solution File, Format Version 12.00
# Visual Studio 15
VisualStudioVersion = 15.0.28307.421
MinimumVisualStudioVersion = 10.0.40219.1
Project("{FAE04EC0-301F-11D3-BF4B-00C04F79EFBC}") = "Lab2_databases", "Lab2_databases\Lab2_databases.csproj", "{536D7C46-20E0-4B79-96A5-8C237CB8F372}"
EndProject
Global
	GlobalSection(SolutionConfigurationPlatforms) = preSolution
		Debug|Any CPU = Debug|Any CPU
		Release|Any CPU = Release|Any CPU
	EndGlobalSection
	GlobalSection(ProjectConfigurationPlatforms) = postSolution
		{536D7C46-20E0-4B79-96A5-8C237CB8F372}.Debug|Any CPU.ActiveCfg = Debug|Any CPU
		{536D7C46-20E0-4B79-96A5-8C237CB8F372}.Debug|Any CPU.Build.0 = Debug|Any CPU
		{536D7C46-20E0-4B79-96A5-8C237CB8F372}.Release|Any CPU.ActiveCfg = Release|Any CPU
		{536D7C46-20E0-4B79-96A5-8C237CB8F372}.Release|Any CPU.Build.0 = Release|Any CPU
	EndGlobalSection
	GlobalSection(SolutionProperties) = preSolution
		HideSolutionNode = FALSE
	EndGlobalSection
	GlobalSection(ExtensibilityGlobals) = postSolution
		SolutionGuid = {00081CA3-FBC5-4C43-AC92-BE7E790306E9}
	EndGlobalSection
EndGlobal
